<?xml version="1.0" encoding="utf-8"?>
<Project ToolsVersion="4.0" xmlns="http://schemas.microsoft.com/developer/msbuild/2003">
  <ItemGroup>
    <Filter Include="logger">
      <UniqueIdentifier>{4507DF0B-31A9-09E2-1A64-1D3606A59032}</UniqueIdentifier>
    </Filter>
  </ItemGroup>
  <ItemGroup>
    <ClCompile Include="src\Algorithm.cpp" />
    <ClCompile Include="src\Core.cpp" />
    <ClCompile Include="src\Manager.cpp" />
    <ClCompile Include="src\OpAlgoDispatch.cpp" />
    <ClCompile Include="src\OpMemoryBarrier.cpp" />
    <ClCompile Include="src\OpTensorCopy.cpp" />
    <ClCompile Include="src\OpTensorSyncDevice.cpp" />
    <ClCompile Include="src\OpTensorSyncLocal.cpp" />
    <ClCompile Include="src\Sequence.cpp" />
    <ClCompile Include="src\Tensor.cpp" />
    <ClCompile Include="src\logger\Logger.cpp">
      <Filter>logger</Filter>
    </ClCompile>
  </ItemGroup>
</Project>